
Microsoft Visual Studio Solution File, Format Version 12.00
# Visual Studio 15
VisualStudioVersion = 15.0.27703.2018
MinimumVisualStudioVersion = 10.0.40219.1
Project("{FAE04EC0-301F-11D3-BF4B-00C04F79EFBC}") = "MVCfirstStep", "MVCfirstStep\MVCfirstStep.csproj", "{0CC067F0-7663-48A9-980B-A1A418BD438F}"
EndProject
Global
	GlobalSection(SolutionConfigurationPlatforms) = preSolution
		Debug|Any CPU = Debug|Any CPU
		Release|Any CPU = Release|Any CPU
	EndGlobalSection
	GlobalSection(ProjectConfigurationPlatforms) = postSolution
		{0CC067F0-7663-48A9-980B-A1A418BD438F}.Debug|Any CPU.ActiveCfg = Debug|Any CPU
		{0CC067F0-7663-48A9-980B-A1A418BD438F}.Debug|Any CPU.Build.0 = Debug|Any CPU
		{0CC067F0-7663-48A9-980B-A1A418BD438F}.Release|Any CPU.ActiveCfg = Release|Any CPU
		{0CC067F0-7663-48A9-980B-A1A418BD438F}.Release|Any CPU.Build.0 = Release|Any CPU
	EndGlobalSection
	GlobalSection(SolutionProperties) = preSolution
		HideSolutionNode = FALSE
	EndGlobalSection
	GlobalSection(ExtensibilityGlobals) = postSolution
		SolutionGuid = {8EE9F14D-5921-41F1-9C4E-D3B915A800B1}
	EndGlobalSection
EndGlobal
